
Microsoft Visual Studio Solution File, Format Version 12.00
# Visual Studio Version 17
VisualStudioVersion = 17.2.32602.215
MinimumVisualStudioVersion = 10.0.40219.1
Project("{FAE04EC0-301F-11D3-BF4B-00C04F79EFBC}") = "ProjectManagementCertification", "ProjectManagementCertification\ProjectManagementCertification.csproj", "{C37C7BCE-5D30-4F62-9096-AD71D9380347}"
EndProject
Global
	GlobalSection(SolutionConfigurationPlatforms) = preSolution
		Debug|Any CPU = Debug|Any CPU
		Release|Any CPU = Release|Any CPU
	EndGlobalSection
	GlobalSection(ProjectConfigurationPlatforms) = postSolution
		{C37C7BCE-5D30-4F62-9096-AD71D9380347}.Debug|Any CPU.ActiveCfg = Debug|Any CPU
		{C37C7BCE-5D30-4F62-9096-AD71D9380347}.Debug|Any CPU.Build.0 = Debug|Any CPU
		{C37C7BCE-5D30-4F62-9096-AD71D9380347}.Release|Any CPU.ActiveCfg = Release|Any CPU
		{C37C7BCE-5D30-4F62-9096-AD71D9380347}.Release|Any CPU.Build.0 = Release|Any CPU
	EndGlobalSection
	GlobalSection(SolutionProperties) = preSolution
		HideSolutionNode = FALSE
	EndGlobalSection
	GlobalSection(ExtensibilityGlobals) = postSolution
		SolutionGuid = {CDD0041F-8561-4B14-A062-39ED3BC559C2}
	EndGlobalSection
EndGlobal
